
Microsoft Visual Studio Solution File, Format Version 12.00
# Visual Studio Version 16
VisualStudioVersion = 16.0.31624.102
MinimumVisualStudioVersion = 10.0.40219.1
Project("{9A19103F-16F7-4668-BE54-9A1E7A4F7556}") = "Crosscommerce.SortNumber.API", "Crosscommerce.SortNumber.API\Crosscommerce.SortNumber.API.csproj", "{2AFC1DA5-52F6-4EB3-B2FE-8E812CEF53DD}"
EndProject
Project("{9A19103F-16F7-4668-BE54-9A1E7A4F7556}") = "Crosscommerce.SortNumber.API.Tests", "Crosscommerce.SortNumber.API.Tests\Crosscommerce.SortNumber.API.Tests.csproj", "{D9B75008-63E1-49FC-9564-E89F7CD07FD7}"
EndProject
Project("{9A19103F-16F7-4668-BE54-9A1E7A4F7556}") = "Crosscommerce.SortNumber.Core", "Crosscommerce.SortNumber.Core\Crosscommerce.SortNumber.Core.csproj", "{1D1D5035-18D4-4F3A-A6F3-4E6FCFA83CFB}"
EndProject
Project("{9A19103F-16F7-4668-BE54-9A1E7A4F7556}") = "Crosscommerce.SortNumber.Business", "Crosscommerce.SortNumber.Business\Crosscommerce.SortNumber.Business.csproj", "{B320B875-2E26-4C74-8943-D79782113BE5}"
EndProject
Project("{9A19103F-16F7-4668-BE54-9A1E7A4F7556}") = "Crosscommerce.SortNumber.External", "Crosscommerce.SortNumber.External\Crosscommerce.SortNumber.External.csproj", "{76C194B3-7AF1-4D42-9525-AE030BB98A15}"
EndProject
Project("{FAE04EC0-301F-11D3-BF4B-00C04F79EFBC}") = "Crosscommerce.SortNumber.Contract", "Crosscommerce.SortNumber.Contract\Crosscommerce.SortNumber.Contract.csproj", "{134FF9B3-E7F2-4280-A21B-8465BCA8FC10}"
EndProject
Global
	GlobalSection(SolutionConfigurationPlatforms) = preSolution
		Debug|Any CPU = Debug|Any CPU
		Release|Any CPU = Release|Any CPU
	EndGlobalSection
	GlobalSection(ProjectConfigurationPlatforms) = postSolution
		{2AFC1DA5-52F6-4EB3-B2FE-8E812CEF53DD}.Debug|Any CPU.ActiveCfg = Debug|Any CPU
		{2AFC1DA5-52F6-4EB3-B2FE-8E812CEF53DD}.Debug|Any CPU.Build.0 = Debug|Any CPU
		{2AFC1DA5-52F6-4EB3-B2FE-8E812CEF53DD}.Release|Any CPU.ActiveCfg = Release|Any CPU
		{2AFC1DA5-52F6-4EB3-B2FE-8E812CEF53DD}.Release|Any CPU.Build.0 = Release|Any CPU
		{D9B75008-63E1-49FC-9564-E89F7CD07FD7}.Debug|Any CPU.ActiveCfg = Debug|Any CPU
		{D9B75008-63E1-49FC-9564-E89F7CD07FD7}.Debug|Any CPU.Build.0 = Debug|Any CPU
		{D9B75008-63E1-49FC-9564-E89F7CD07FD7}.Release|Any CPU.ActiveCfg = Release|Any CPU
		{D9B75008-63E1-49FC-9564-E89F7CD07FD7}.Release|Any CPU.Build.0 = Release|Any CPU
		{1D1D5035-18D4-4F3A-A6F3-4E6FCFA83CFB}.Debug|Any CPU.ActiveCfg = Debug|Any CPU
		{1D1D5035-18D4-4F3A-A6F3-4E6FCFA83CFB}.Debug|Any CPU.Build.0 = Debug|Any CPU
		{1D1D5035-18D4-4F3A-A6F3-4E6FCFA83CFB}.Release|Any CPU.ActiveCfg = Release|Any CPU
		{1D1D5035-18D4-4F3A-A6F3-4E6FCFA83CFB}.Release|Any CPU.Build.0 = Release|Any CPU
		{B320B875-2E26-4C74-8943-D79782113BE5}.Debug|Any CPU.ActiveCfg = Debug|Any CPU
		{B320B875-2E26-4C74-8943-D79782113BE5}.Debug|Any CPU.Build.0 = Debug|Any CPU
		{B320B875-2E26-4C74-8943-D79782113BE5}.Release|Any CPU.ActiveCfg = Release|Any CPU
		{B320B875-2E26-4C74-8943-D79782113BE5}.Release|Any CPU.Build.0 = Release|Any CPU
		{76C194B3-7AF1-4D42-9525-AE030BB98A15}.Debug|Any CPU.ActiveCfg = Debug|Any CPU
		{76C194B3-7AF1-4D42-9525-AE030BB98A15}.Debug|Any CPU.Build.0 = Debug|Any CPU
		{76C194B3-7AF1-4D42-9525-AE030BB98A15}.Release|Any CPU.ActiveCfg = Release|Any CPU
		{76C194B3-7AF1-4D42-9525-AE030BB98A15}.Release|Any CPU.Build.0 = Release|Any CPU
		{134FF9B3-E7F2-4280-A21B-8465BCA8FC10}.Debug|Any CPU.ActiveCfg = Debug|Any CPU
		{134FF9B3-E7F2-4280-A21B-8465BCA8FC10}.Debug|Any CPU.Build.0 = Debug|Any CPU
		{134FF9B3-E7F2-4280-A21B-8465BCA8FC10}.Release|Any CPU.ActiveCfg = Release|Any CPU
		{134FF9B3-E7F2-4280-A21B-8465BCA8FC10}.Release|Any CPU.Build.0 = Release|Any CPU
	EndGlobalSection
	GlobalSection(SolutionProperties) = preSolution
		HideSolutionNode = FALSE
	EndGlobalSection
	GlobalSection(ExtensibilityGlobals) = postSolution
		SolutionGuid = {1E3C8968-3B3F-4773-A629-A243DDF0CA71}
	EndGlobalSection
EndGlobal
